
Microsoft Visual Studio Solution File, Format Version 12.00
# Visual Studio Version 17
VisualStudioVersion = 17.7.34024.191
MinimumVisualStudioVersion = 10.0.40219.1
Project("{FAE04EC0-301F-11D3-BF4B-00C04F79EFBC}") = "ChinookMusicApp", "ChinookMusicApp.csproj", "{AE218C7E-4E0C-4555-A06B-DCF39FBBE8E9}"
EndProject
Global
	GlobalSection(SolutionConfigurationPlatforms) = preSolution
		Debug|Any CPU = Debug|Any CPU
		Release|Any CPU = Release|Any CPU
	EndGlobalSection
	GlobalSection(ProjectConfigurationPlatforms) = postSolution
		{AE218C7E-4E0C-4555-A06B-DCF39FBBE8E9}.Debug|Any CPU.ActiveCfg = Debug|Any CPU
		{AE218C7E-4E0C-4555-A06B-DCF39FBBE8E9}.Debug|Any CPU.Build.0 = Debug|Any CPU
		{AE218C7E-4E0C-4555-A06B-DCF39FBBE8E9}.Release|Any CPU.ActiveCfg = Release|Any CPU
		{AE218C7E-4E0C-4555-A06B-DCF39FBBE8E9}.Release|Any CPU.Build.0 = Release|Any CPU
	EndGlobalSection
	GlobalSection(SolutionProperties) = preSolution
		HideSolutionNode = FALSE
	EndGlobalSection
	GlobalSection(ExtensibilityGlobals) = postSolution
		SolutionGuid = {750287E6-D38A-4F6A-98F4-0CAB15687618}
	EndGlobalSection
EndGlobal
